
Microsoft Visual Studio Solution File, Format Version 12.00
# Visual Studio Version 17
VisualStudioVersion = 17.14.36414.22
MinimumVisualStudioVersion = 10.0.40219.1
Project("{FAE04EC0-301F-11D3-BF4B-00C04F79EFBC}") = "ChatApp", "ChatApp.csproj", "{FA84D360-8563-4E10-B8DC-1AADF8C8D203}"
EndProject
Project("{2150E333-8FDC-42A3-9474-1A3956D46DE8}") = "Resources", "Resources", "{02EA681E-C7D8-13C7-8484-4AC65E1B71E8}"
EndProject
Global
	GlobalSection(SolutionConfigurationPlatforms) = preSolution
		Debug|Any CPU = Debug|Any CPU
		Debug|x64 = Debug|x64
		Release|Any CPU = Release|Any CPU
		Release|x64 = Release|x64
	EndGlobalSection
	GlobalSection(ProjectConfigurationPlatforms) = postSolution
		{FA84D360-8563-4E10-B8DC-1AADF8C8D203}.Debug|Any CPU.ActiveCfg = Debug|Any CPU
		{FA84D360-8563-4E10-B8DC-1AADF8C8D203}.Debug|Any CPU.Build.0 = Debug|Any CPU
		{FA84D360-8563-4E10-B8DC-1AADF8C8D203}.Debug|x64.ActiveCfg = Debug|x64
		{FA84D360-8563-4E10-B8DC-1AADF8C8D203}.Debug|x64.Build.0 = Debug|x64
		{FA84D360-8563-4E10-B8DC-1AADF8C8D203}.Release|Any CPU.ActiveCfg = Release|Any CPU
		{FA84D360-8563-4E10-B8DC-1AADF8C8D203}.Release|Any CPU.Build.0 = Release|Any CPU
		{FA84D360-8563-4E10-B8DC-1AADF8C8D203}.Release|x64.ActiveCfg = Release|x64
		{FA84D360-8563-4E10-B8DC-1AADF8C8D203}.Release|x64.Build.0 = Release|x64
	EndGlobalSection
	GlobalSection(SolutionProperties) = preSolution
		HideSolutionNode = FALSE
	EndGlobalSection
	GlobalSection(ExtensibilityGlobals) = postSolution
		SolutionGuid = {154707C2-3D7B-4EA0-88D4-79771247F53D}
	EndGlobalSection
EndGlobal
