
Microsoft Visual Studio Solution File, Format Version 12.00
# Visual Studio Version 17
VisualStudioVersion = 17.14.36414.22 d17.14
MinimumVisualStudioVersion = 10.0.40219.1
Project("{FAE04EC0-301F-11D3-BF4B-00C04F79EFBC}") = "ChatApp", "ChatApp.csproj", "{FA84D360-8563-4E10-B8DC-1AADF8C8D203}"
EndProject
Global
	GlobalSection(SolutionConfigurationPlatforms) = preSolution
		Debug|Any CPU = Debug|Any CPU
		Release|Any CPU = Release|Any CPU
	EndGlobalSection
	GlobalSection(ProjectConfigurationPlatforms) = postSolution
		{FA84D360-8563-4E10-B8DC-1AADF8C8D203}.Debug|Any CPU.ActiveCfg = Debug|Any CPU
		{FA84D360-8563-4E10-B8DC-1AADF8C8D203}.Debug|Any CPU.Build.0 = Debug|Any CPU
		{FA84D360-8563-4E10-B8DC-1AADF8C8D203}.Release|Any CPU.ActiveCfg = Release|Any CPU
		{FA84D360-8563-4E10-B8DC-1AADF8C8D203}.Release|Any CPU.Build.0 = Release|Any CPU
	EndGlobalSection
	GlobalSection(SolutionProperties) = preSolution
		HideSolutionNode = FALSE
	EndGlobalSection
	GlobalSection(ExtensibilityGlobals) = postSolution
		SolutionGuid = {154707C2-3D7B-4EA0-88D4-79771247F53D}
	EndGlobalSection
EndGlobal
